
Microsoft Visual Studio Solution File, Format Version 12.00
# Visual Studio Version 16
VisualStudioVersion = 16.0.30114.105
MinimumVisualStudioVersion = 10.0.40219.1
Project("{FAE04EC0-301F-11D3-BF4B-00C04F79EFBC}") = "R5T.S0032", "R5T.S0032\R5T.S0032.csproj", "{2F60F5CB-44CC-46D7-9032-4F1B90882ED9}"
EndProject
Project("{2150E333-8FDC-42A3-9474-1A3956D46DE8}") = "_Dependencies", "_Dependencies", "{F34BD2BD-A5B1-4491-90B7-30CE674C23E7}"
EndProject
Project("{FAE04EC0-301F-11D3-BF4B-00C04F79EFBC}") = "R5T.Plymouth.ProgramAsAService", "..\..\R5T.Plymouth\source\R5T.Plymouth.ProgramAsAService\R5T.Plymouth.ProgramAsAService.csproj", "{5F5CC040-8BEC-46E6-BB8A-2F930233BBC7}"
EndProject
Project("{FAE04EC0-301F-11D3-BF4B-00C04F79EFBC}") = "R5T.T0027.T009", "..\..\R5T.T0027\source\R5T.T0027.T009\R5T.T0027.T009.csproj", "{52BA247D-87C3-49A0-BEDE-87F2B8DC6705}"
EndProject
Project("{FAE04EC0-301F-11D3-BF4B-00C04F79EFBC}") = "R5T.S0032.Lib", "R5T.S0032.Lib\R5T.S0032.Lib.csproj", "{FD6C7163-5D90-4626-99BC-E193A577FD01}"
EndProject
Project("{FAE04EC0-301F-11D3-BF4B-00C04F79EFBC}") = "R5T.Magyar", "..\..\R5T.Magyar\source\R5T.Magyar\R5T.Magyar.csproj", "{378B2C7B-A1EA-49D0-AEF8-160EF49D7700}"
EndProject
Project("{FAE04EC0-301F-11D3-BF4B-00C04F79EFBC}") = "R5T.T0039.T002", "..\..\R5T.T0039\source\R5T.T0039.T002\R5T.T0039.T002.csproj", "{97ABD4B7-CDCE-4C50-88B7-639D4EAB821B}"
EndProject
Global
	GlobalSection(SolutionConfigurationPlatforms) = preSolution
		Debug|Any CPU = Debug|Any CPU
		Debug|x64 = Debug|x64
		Debug|x86 = Debug|x86
		Release|Any CPU = Release|Any CPU
		Release|x64 = Release|x64
		Release|x86 = Release|x86
	EndGlobalSection
	GlobalSection(SolutionProperties) = preSolution
		HideSolutionNode = FALSE
	EndGlobalSection
	GlobalSection(ProjectConfigurationPlatforms) = postSolution
		{2F60F5CB-44CC-46D7-9032-4F1B90882ED9}.Debug|Any CPU.ActiveCfg = Debug|Any CPU
		{2F60F5CB-44CC-46D7-9032-4F1B90882ED9}.Debug|Any CPU.Build.0 = Debug|Any CPU
		{2F60F5CB-44CC-46D7-9032-4F1B90882ED9}.Debug|x64.ActiveCfg = Debug|Any CPU
		{2F60F5CB-44CC-46D7-9032-4F1B90882ED9}.Debug|x64.Build.0 = Debug|Any CPU
		{2F60F5CB-44CC-46D7-9032-4F1B90882ED9}.Debug|x86.ActiveCfg = Debug|Any CPU
		{2F60F5CB-44CC-46D7-9032-4F1B90882ED9}.Debug|x86.Build.0 = Debug|Any CPU
		{2F60F5CB-44CC-46D7-9032-4F1B90882ED9}.Release|Any CPU.ActiveCfg = Release|Any CPU
		{2F60F5CB-44CC-46D7-9032-4F1B90882ED9}.Release|Any CPU.Build.0 = Release|Any CPU
		{2F60F5CB-44CC-46D7-9032-4F1B90882ED9}.Release|x64.ActiveCfg = Release|Any CPU
		{2F60F5CB-44CC-46D7-9032-4F1B90882ED9}.Release|x64.Build.0 = Release|Any CPU
		{2F60F5CB-44CC-46D7-9032-4F1B90882ED9}.Release|x86.ActiveCfg = Release|Any CPU
		{2F60F5CB-44CC-46D7-9032-4F1B90882ED9}.Release|x86.Build.0 = Release|Any CPU
		{5F5CC040-8BEC-46E6-BB8A-2F930233BBC7}.Debug|Any CPU.ActiveCfg = Debug|Any CPU
		{5F5CC040-8BEC-46E6-BB8A-2F930233BBC7}.Debug|Any CPU.Build.0 = Debug|Any CPU
		{5F5CC040-8BEC-46E6-BB8A-2F930233BBC7}.Debug|x64.ActiveCfg = Debug|Any CPU
		{5F5CC040-8BEC-46E6-BB8A-2F930233BBC7}.Debug|x64.Build.0 = Debug|Any CPU
		{5F5CC040-8BEC-46E6-BB8A-2F930233BBC7}.Debug|x86.ActiveCfg = Debug|Any CPU
		{5F5CC040-8BEC-46E6-BB8A-2F930233BBC7}.Debug|x86.Build.0 = Debug|Any CPU
		{5F5CC040-8BEC-46E6-BB8A-2F930233BBC7}.Release|Any CPU.ActiveCfg = Release|Any CPU
		{5F5CC040-8BEC-46E6-BB8A-2F930233BBC7}.Release|Any CPU.Build.0 = Release|Any CPU
		{5F5CC040-8BEC-46E6-BB8A-2F930233BBC7}.Release|x64.ActiveCfg = Release|Any CPU
		{5F5CC040-8BEC-46E6-BB8A-2F930233BBC7}.Release|x64.Build.0 = Release|Any CPU
		{5F5CC040-8BEC-46E6-BB8A-2F930233BBC7}.Release|x86.ActiveCfg = Release|Any CPU
		{5F5CC040-8BEC-46E6-BB8A-2F930233BBC7}.Release|x86.Build.0 = Release|Any CPU
		{52BA247D-87C3-49A0-BEDE-87F2B8DC6705}.Debug|Any CPU.ActiveCfg = Debug|Any CPU
		{52BA247D-87C3-49A0-BEDE-87F2B8DC6705}.Debug|Any CPU.Build.0 = Debug|Any CPU
		{52BA247D-87C3-49A0-BEDE-87F2B8DC6705}.Debug|x64.ActiveCfg = Debug|Any CPU
		{52BA247D-87C3-49A0-BEDE-87F2B8DC6705}.Debug|x64.Build.0 = Debug|Any CPU
		{52BA247D-87C3-49A0-BEDE-87F2B8DC6705}.Debug|x86.ActiveCfg = Debug|Any CPU
		{52BA247D-87C3-49A0-BEDE-87F2B8DC6705}.Debug|x86.Build.0 = Debug|Any CPU
		{52BA247D-87C3-49A0-BEDE-87F2B8DC6705}.Release|Any CPU.ActiveCfg = Release|Any CPU
		{52BA247D-87C3-49A0-BEDE-87F2B8DC6705}.Release|Any CPU.Build.0 = Release|Any CPU
		{52BA247D-87C3-49A0-BEDE-87F2B8DC6705}.Release|x64.ActiveCfg = Release|Any CPU
		{52BA247D-87C3-49A0-BEDE-87F2B8DC6705}.Release|x64.Build.0 = Release|Any CPU
		{52BA247D-87C3-49A0-BEDE-87F2B8DC6705}.Release|x86.ActiveCfg = Release|Any CPU
		{52BA247D-87C3-49A0-BEDE-87F2B8DC6705}.Release|x86.Build.0 = Release|Any CPU
		{FD6C7163-5D90-4626-99BC-E193A577FD01}.Debug|Any CPU.ActiveCfg = Debug|Any CPU
		{FD6C7163-5D90-4626-99BC-E193A577FD01}.Debug|Any CPU.Build.0 = Debug|Any CPU
		{FD6C7163-5D90-4626-99BC-E193A577FD01}.Debug|x64.ActiveCfg = Debug|Any CPU
		{FD6C7163-5D90-4626-99BC-E193A577FD01}.Debug|x64.Build.0 = Debug|Any CPU
		{FD6C7163-5D90-4626-99BC-E193A577FD01}.Debug|x86.ActiveCfg = Debug|Any CPU
		{FD6C7163-5D90-4626-99BC-E193A577FD01}.Debug|x86.Build.0 = Debug|Any CPU
		{FD6C7163-5D90-4626-99BC-E193A577FD01}.Release|Any CPU.ActiveCfg = Release|Any CPU
		{FD6C7163-5D90-4626-99BC-E193A577FD01}.Release|Any CPU.Build.0 = Release|Any CPU
		{FD6C7163-5D90-4626-99BC-E193A577FD01}.Release|x64.ActiveCfg = Release|Any CPU
		{FD6C7163-5D90-4626-99BC-E193A577FD01}.Release|x64.Build.0 = Release|Any CPU
		{FD6C7163-5D90-4626-99BC-E193A577FD01}.Release|x86.ActiveCfg = Release|Any CPU
		{FD6C7163-5D90-4626-99BC-E193A577FD01}.Release|x86.Build.0 = Release|Any CPU
		{378B2C7B-A1EA-49D0-AEF8-160EF49D7700}.Debug|Any CPU.ActiveCfg = Debug|Any CPU
		{378B2C7B-A1EA-49D0-AEF8-160EF49D7700}.Debug|Any CPU.Build.0 = Debug|Any CPU
		{378B2C7B-A1EA-49D0-AEF8-160EF49D7700}.Debug|x64.ActiveCfg = Debug|Any CPU
		{378B2C7B-A1EA-49D0-AEF8-160EF49D7700}.Debug|x64.Build.0 = Debug|Any CPU
		{378B2C7B-A1EA-49D0-AEF8-160EF49D7700}.Debug|x86.ActiveCfg = Debug|Any CPU
		{378B2C7B-A1EA-49D0-AEF8-160EF49D7700}.Debug|x86.Build.0 = Debug|Any CPU
		{378B2C7B-A1EA-49D0-AEF8-160EF49D7700}.Release|Any CPU.ActiveCfg = Release|Any CPU
		{378B2C7B-A1EA-49D0-AEF8-160EF49D7700}.Release|Any CPU.Build.0 = Release|Any CPU
		{378B2C7B-A1EA-49D0-AEF8-160EF49D7700}.Release|x64.ActiveCfg = Release|Any CPU
		{378B2C7B-A1EA-49D0-AEF8-160EF49D7700}.Release|x64.Build.0 = Release|Any CPU
		{378B2C7B-A1EA-49D0-AEF8-160EF49D7700}.Release|x86.ActiveCfg = Release|Any CPU
		{378B2C7B-A1EA-49D0-AEF8-160EF49D7700}.Release|x86.Build.0 = Release|Any CPU
		{97ABD4B7-CDCE-4C50-88B7-639D4EAB821B}.Debug|Any CPU.ActiveCfg = Debug|Any CPU
		{97ABD4B7-CDCE-4C50-88B7-639D4EAB821B}.Debug|Any CPU.Build.0 = Debug|Any CPU
		{97ABD4B7-CDCE-4C50-88B7-639D4EAB821B}.Debug|x64.ActiveCfg = Debug|Any CPU
		{97ABD4B7-CDCE-4C50-88B7-639D4EAB821B}.Debug|x64.Build.0 = Debug|Any CPU
		{97ABD4B7-CDCE-4C50-88B7-639D4EAB821B}.Debug|x86.ActiveCfg = Debug|Any CPU
		{97ABD4B7-CDCE-4C50-88B7-639D4EAB821B}.Debug|x86.Build.0 = Debug|Any CPU
		{97ABD4B7-CDCE-4C50-88B7-639D4EAB821B}.Release|Any CPU.ActiveCfg = Release|Any CPU
		{97ABD4B7-CDCE-4C50-88B7-639D4EAB821B}.Release|Any CPU.Build.0 = Release|Any CPU
		{97ABD4B7-CDCE-4C50-88B7-639D4EAB821B}.Release|x64.ActiveCfg = Release|Any CPU
		{97ABD4B7-CDCE-4C50-88B7-639D4EAB821B}.Release|x64.Build.0 = Release|Any CPU
		{97ABD4B7-CDCE-4C50-88B7-639D4EAB821B}.Release|x86.ActiveCfg = Release|Any CPU
		{97ABD4B7-CDCE-4C50-88B7-639D4EAB821B}.Release|x86.Build.0 = Release|Any CPU
	EndGlobalSection
	GlobalSection(NestedProjects) = preSolution
		{5F5CC040-8BEC-46E6-BB8A-2F930233BBC7} = {F34BD2BD-A5B1-4491-90B7-30CE674C23E7}
		{52BA247D-87C3-49A0-BEDE-87F2B8DC6705} = {F34BD2BD-A5B1-4491-90B7-30CE674C23E7}
		{378B2C7B-A1EA-49D0-AEF8-160EF49D7700} = {F34BD2BD-A5B1-4491-90B7-30CE674C23E7}
		{97ABD4B7-CDCE-4C50-88B7-639D4EAB821B} = {F34BD2BD-A5B1-4491-90B7-30CE674C23E7}
	EndGlobalSection
EndGlobal
