
Microsoft Visual Studio Solution File, Format Version 12.00
# Visual Studio Version 16
VisualStudioVersion = 16.0.30114.105
MinimumVisualStudioVersion = 10.0.40219.1
Project("{9A19103F-16F7-4668-BE54-9A1E7A4F7556}") = "R5T.S0032", "R5T.S0032\R5T.S0032.csproj", "{2F60F5CB-44CC-46D7-9032-4F1B90882ED9}"
EndProject
Project("{2150E333-8FDC-42A3-9474-1A3956D46DE8}") = "_Dependencies", "_Dependencies", "{F34BD2BD-A5B1-4491-90B7-30CE674C23E7}"
EndProject
Project("{9A19103F-16F7-4668-BE54-9A1E7A4F7556}") = "R5T.S0032.Lib", "R5T.S0032.Lib\R5T.S0032.Lib.csproj", "{FD6C7163-5D90-4626-99BC-E193A577FD01}"
EndProject
Project("{9A19103F-16F7-4668-BE54-9A1E7A4F7556}") = "R5T.Magyar", "..\..\R5T.Magyar\source\R5T.Magyar\R5T.Magyar.csproj", "{378B2C7B-A1EA-49D0-AEF8-160EF49D7700}"
EndProject
Project("{9A19103F-16F7-4668-BE54-9A1E7A4F7556}") = "R5T.T0132", "..\..\R5T.T0132\source\R5T.T0132\R5T.T0132.csproj", "{13B2F1C0-4507-452E-BAEA-FCA9B48B3D88}"
EndProject
Project("{9A19103F-16F7-4668-BE54-9A1E7A4F7556}") = "R5T.L0011", "..\..\R5T.L0011\source\R5T.L0011\R5T.L0011.csproj", "{B7BF35D4-F64D-42AB-92BF-BFA8DC63582D}"
EndProject
Project("{9A19103F-16F7-4668-BE54-9A1E7A4F7556}") = "R5T.F0004", "..\..\R5T.F0004\source\R5T.F0004\R5T.F0004.csproj", "{63361336-410A-4D9B-8994-ACA70E19A534}"
EndProject
Project("{9A19103F-16F7-4668-BE54-9A1E7A4F7556}") = "R5T.X0005", "..\..\R5T.X0005\source\R5T.X0005\R5T.X0005.csproj", "{305657BA-3E55-444A-B9DB-A32E98A3B9C2}"
EndProject
Project("{9A19103F-16F7-4668-BE54-9A1E7A4F7556}") = "R5T.F0003", "..\..\R5T.F0003\source\R5T.F0003\R5T.F0003.csproj", "{5B44354E-5A89-4297-8536-E2CF33A34A9E}"
EndProject
Project("{9A19103F-16F7-4668-BE54-9A1E7A4F7556}") = "R5T.B0006.X0001", "..\..\R5T.B0006.X0001\source\R5T.B0006.X0001\R5T.B0006.X0001.csproj", "{DBA48052-DEE4-448A-8901-F6ADB9994CFD}"
EndProject
Project("{9A19103F-16F7-4668-BE54-9A1E7A4F7556}") = "R5T.B0006", "..\..\R5T.B0006\source\R5T.B0006\R5T.B0006.csproj", "{3A26EC8B-873C-4B73-A894-B28E462DCF67}"
EndProject
Project("{9A19103F-16F7-4668-BE54-9A1E7A4F7556}") = "R5T.T0039.T002", "..\..\R5T.T0039\source\R5T.T0039.T002\R5T.T0039.T002.csproj", "{6EA74CA9-C578-4282-903B-7546661F38F8}"
EndProject
Project("{FAE04EC0-301F-11D3-BF4B-00C04F79EFBC}") = "R5T.S0032.F001", "R5T.S0032.F001\R5T.S0032.F001.csproj", "{BA325FA3-BF7E-4E30-808C-16FD0258A886}"
EndProject
Project("{9A19103F-16F7-4668-BE54-9A1E7A4F7556}") = "R5T.T0131", "..\..\R5T.T0131\source\R5T.T0131\R5T.T0131.csproj", "{DA1B76C2-9599-46D1-AFDD-84C631905277}"
EndProject
Project("{9A19103F-16F7-4668-BE54-9A1E7A4F7556}") = "R5T.T0143", "..\..\R5T.T0143\source\R5T.T0143\R5T.T0143.csproj", "{88D743FB-A417-47C6-8028-C180F512A8EC}"
EndProject
Project("{9A19103F-16F7-4668-BE54-9A1E7A4F7556}") = "R5T.T0156", "..\..\R5T.T0156\source\R5T.T0156\R5T.T0156.csproj", "{EA9A445A-EC4B-4450-9897-71AFC0F9426E}"
EndProject
Project("{9A19103F-16F7-4668-BE54-9A1E7A4F7556}") = "R5T.Y0000", "..\..\R5T.Y0000\source\R5T.Y0000\R5T.Y0000.csproj", "{1EF91E17-7994-47D0-AC2A-D7CC701D3099}"
EndProject
Project("{9A19103F-16F7-4668-BE54-9A1E7A4F7556}") = "R5T.Y0006", "..\..\R5T.Y0006\source\R5T.Y0006\R5T.Y0006.csproj", "{CA954479-4407-4962-8292-970DC974F2BC}"
EndProject
Project("{9A19103F-16F7-4668-BE54-9A1E7A4F7556}") = "R5T.Z0000", "..\..\R5T.Z0000\source\R5T.Z0000\R5T.Z0000.csproj", "{945C6679-3354-4D27-8667-F8534B8905DC}"
EndProject
Global
	GlobalSection(NestedProjects) = preSolution
		{378B2C7B-A1EA-49D0-AEF8-160EF49D7700} = {F34BD2BD-A5B1-4491-90B7-30CE674C23E7}
		{13B2F1C0-4507-452E-BAEA-FCA9B48B3D88} = {F34BD2BD-A5B1-4491-90B7-30CE674C23E7}
		{B7BF35D4-F64D-42AB-92BF-BFA8DC63582D} = {F34BD2BD-A5B1-4491-90B7-30CE674C23E7}
		{63361336-410A-4D9B-8994-ACA70E19A534} = {F34BD2BD-A5B1-4491-90B7-30CE674C23E7}
		{305657BA-3E55-444A-B9DB-A32E98A3B9C2} = {F34BD2BD-A5B1-4491-90B7-30CE674C23E7}
		{5B44354E-5A89-4297-8536-E2CF33A34A9E} = {F34BD2BD-A5B1-4491-90B7-30CE674C23E7}
		{DBA48052-DEE4-448A-8901-F6ADB9994CFD} = {F34BD2BD-A5B1-4491-90B7-30CE674C23E7}
		{3A26EC8B-873C-4B73-A894-B28E462DCF67} = {F34BD2BD-A5B1-4491-90B7-30CE674C23E7}
		{6EA74CA9-C578-4282-903B-7546661F38F8} = {F34BD2BD-A5B1-4491-90B7-30CE674C23E7}
		{DA1B76C2-9599-46D1-AFDD-84C631905277} = {F34BD2BD-A5B1-4491-90B7-30CE674C23E7}
		{88D743FB-A417-47C6-8028-C180F512A8EC} = {F34BD2BD-A5B1-4491-90B7-30CE674C23E7}
		{EA9A445A-EC4B-4450-9897-71AFC0F9426E} = {F34BD2BD-A5B1-4491-90B7-30CE674C23E7}
		{1EF91E17-7994-47D0-AC2A-D7CC701D3099} = {F34BD2BD-A5B1-4491-90B7-30CE674C23E7}
		{CA954479-4407-4962-8292-970DC974F2BC} = {F34BD2BD-A5B1-4491-90B7-30CE674C23E7}
		{945C6679-3354-4D27-8667-F8534B8905DC} = {F34BD2BD-A5B1-4491-90B7-30CE674C23E7}
	EndGlobalSection
	GlobalSection(SolutionConfigurationPlatforms) = preSolution
		Debug|Any CPU = Debug|Any CPU
		Debug|x64 = Debug|x64
		Debug|x86 = Debug|x86
		Release|Any CPU = Release|Any CPU
		Release|x64 = Release|x64
		Release|x86 = Release|x86
	EndGlobalSection
	GlobalSection(ProjectConfigurationPlatforms) = postSolution
		{2F60F5CB-44CC-46D7-9032-4F1B90882ED9}.Debug|Any CPU.ActiveCfg = Debug|Any CPU
		{2F60F5CB-44CC-46D7-9032-4F1B90882ED9}.Debug|Any CPU.Build.0 = Debug|Any CPU
		{2F60F5CB-44CC-46D7-9032-4F1B90882ED9}.Debug|x64.ActiveCfg = Debug|Any CPU
		{2F60F5CB-44CC-46D7-9032-4F1B90882ED9}.Debug|x64.Build.0 = Debug|Any CPU
		{2F60F5CB-44CC-46D7-9032-4F1B90882ED9}.Debug|x86.ActiveCfg = Debug|Any CPU
		{2F60F5CB-44CC-46D7-9032-4F1B90882ED9}.Debug|x86.Build.0 = Debug|Any CPU
		{2F60F5CB-44CC-46D7-9032-4F1B90882ED9}.Release|Any CPU.ActiveCfg = Release|Any CPU
		{2F60F5CB-44CC-46D7-9032-4F1B90882ED9}.Release|Any CPU.Build.0 = Release|Any CPU
		{2F60F5CB-44CC-46D7-9032-4F1B90882ED9}.Release|x64.ActiveCfg = Release|Any CPU
		{2F60F5CB-44CC-46D7-9032-4F1B90882ED9}.Release|x64.Build.0 = Release|Any CPU
		{2F60F5CB-44CC-46D7-9032-4F1B90882ED9}.Release|x86.ActiveCfg = Release|Any CPU
		{2F60F5CB-44CC-46D7-9032-4F1B90882ED9}.Release|x86.Build.0 = Release|Any CPU
		{FD6C7163-5D90-4626-99BC-E193A577FD01}.Debug|Any CPU.ActiveCfg = Debug|Any CPU
		{FD6C7163-5D90-4626-99BC-E193A577FD01}.Debug|Any CPU.Build.0 = Debug|Any CPU
		{FD6C7163-5D90-4626-99BC-E193A577FD01}.Debug|x64.ActiveCfg = Debug|Any CPU
		{FD6C7163-5D90-4626-99BC-E193A577FD01}.Debug|x64.Build.0 = Debug|Any CPU
		{FD6C7163-5D90-4626-99BC-E193A577FD01}.Debug|x86.ActiveCfg = Debug|Any CPU
		{FD6C7163-5D90-4626-99BC-E193A577FD01}.Debug|x86.Build.0 = Debug|Any CPU
		{FD6C7163-5D90-4626-99BC-E193A577FD01}.Release|Any CPU.ActiveCfg = Release|Any CPU
		{FD6C7163-5D90-4626-99BC-E193A577FD01}.Release|Any CPU.Build.0 = Release|Any CPU
		{FD6C7163-5D90-4626-99BC-E193A577FD01}.Release|x64.ActiveCfg = Release|Any CPU
		{FD6C7163-5D90-4626-99BC-E193A577FD01}.Release|x64.Build.0 = Release|Any CPU
		{FD6C7163-5D90-4626-99BC-E193A577FD01}.Release|x86.ActiveCfg = Release|Any CPU
		{FD6C7163-5D90-4626-99BC-E193A577FD01}.Release|x86.Build.0 = Release|Any CPU
		{378B2C7B-A1EA-49D0-AEF8-160EF49D7700}.Debug|Any CPU.ActiveCfg = Debug|Any CPU
		{378B2C7B-A1EA-49D0-AEF8-160EF49D7700}.Debug|Any CPU.Build.0 = Debug|Any CPU
		{378B2C7B-A1EA-49D0-AEF8-160EF49D7700}.Debug|x64.ActiveCfg = Debug|Any CPU
		{378B2C7B-A1EA-49D0-AEF8-160EF49D7700}.Debug|x64.Build.0 = Debug|Any CPU
		{378B2C7B-A1EA-49D0-AEF8-160EF49D7700}.Debug|x86.ActiveCfg = Debug|Any CPU
		{378B2C7B-A1EA-49D0-AEF8-160EF49D7700}.Debug|x86.Build.0 = Debug|Any CPU
		{378B2C7B-A1EA-49D0-AEF8-160EF49D7700}.Release|Any CPU.ActiveCfg = Release|Any CPU
		{378B2C7B-A1EA-49D0-AEF8-160EF49D7700}.Release|Any CPU.Build.0 = Release|Any CPU
		{378B2C7B-A1EA-49D0-AEF8-160EF49D7700}.Release|x64.ActiveCfg = Release|Any CPU
		{378B2C7B-A1EA-49D0-AEF8-160EF49D7700}.Release|x64.Build.0 = Release|Any CPU
		{378B2C7B-A1EA-49D0-AEF8-160EF49D7700}.Release|x86.ActiveCfg = Release|Any CPU
		{378B2C7B-A1EA-49D0-AEF8-160EF49D7700}.Release|x86.Build.0 = Release|Any CPU
		{13B2F1C0-4507-452E-BAEA-FCA9B48B3D88}.Debug|Any CPU.ActiveCfg = Debug|Any CPU
		{13B2F1C0-4507-452E-BAEA-FCA9B48B3D88}.Debug|Any CPU.Build.0 = Debug|Any CPU
		{13B2F1C0-4507-452E-BAEA-FCA9B48B3D88}.Debug|x64.ActiveCfg = Debug|Any CPU
		{13B2F1C0-4507-452E-BAEA-FCA9B48B3D88}.Debug|x64.Build.0 = Debug|Any CPU
		{13B2F1C0-4507-452E-BAEA-FCA9B48B3D88}.Debug|x86.ActiveCfg = Debug|Any CPU
		{13B2F1C0-4507-452E-BAEA-FCA9B48B3D88}.Debug|x86.Build.0 = Debug|Any CPU
		{13B2F1C0-4507-452E-BAEA-FCA9B48B3D88}.Release|Any CPU.ActiveCfg = Release|Any CPU
		{13B2F1C0-4507-452E-BAEA-FCA9B48B3D88}.Release|Any CPU.Build.0 = Release|Any CPU
		{13B2F1C0-4507-452E-BAEA-FCA9B48B3D88}.Release|x64.ActiveCfg = Release|Any CPU
		{13B2F1C0-4507-452E-BAEA-FCA9B48B3D88}.Release|x64.Build.0 = Release|Any CPU
		{13B2F1C0-4507-452E-BAEA-FCA9B48B3D88}.Release|x86.ActiveCfg = Release|Any CPU
		{13B2F1C0-4507-452E-BAEA-FCA9B48B3D88}.Release|x86.Build.0 = Release|Any CPU
		{B7BF35D4-F64D-42AB-92BF-BFA8DC63582D}.Debug|Any CPU.ActiveCfg = Debug|Any CPU
		{B7BF35D4-F64D-42AB-92BF-BFA8DC63582D}.Debug|Any CPU.Build.0 = Debug|Any CPU
		{B7BF35D4-F64D-42AB-92BF-BFA8DC63582D}.Debug|x64.ActiveCfg = Debug|Any CPU
		{B7BF35D4-F64D-42AB-92BF-BFA8DC63582D}.Debug|x64.Build.0 = Debug|Any CPU
		{B7BF35D4-F64D-42AB-92BF-BFA8DC63582D}.Debug|x86.ActiveCfg = Debug|Any CPU
		{B7BF35D4-F64D-42AB-92BF-BFA8DC63582D}.Debug|x86.Build.0 = Debug|Any CPU
		{B7BF35D4-F64D-42AB-92BF-BFA8DC63582D}.Release|Any CPU.ActiveCfg = Release|Any CPU
		{B7BF35D4-F64D-42AB-92BF-BFA8DC63582D}.Release|Any CPU.Build.0 = Release|Any CPU
		{B7BF35D4-F64D-42AB-92BF-BFA8DC63582D}.Release|x64.ActiveCfg = Release|Any CPU
		{B7BF35D4-F64D-42AB-92BF-BFA8DC63582D}.Release|x64.Build.0 = Release|Any CPU
		{B7BF35D4-F64D-42AB-92BF-BFA8DC63582D}.Release|x86.ActiveCfg = Release|Any CPU
		{B7BF35D4-F64D-42AB-92BF-BFA8DC63582D}.Release|x86.Build.0 = Release|Any CPU
		{63361336-410A-4D9B-8994-ACA70E19A534}.Debug|Any CPU.ActiveCfg = Debug|Any CPU
		{63361336-410A-4D9B-8994-ACA70E19A534}.Debug|Any CPU.Build.0 = Debug|Any CPU
		{63361336-410A-4D9B-8994-ACA70E19A534}.Debug|x64.ActiveCfg = Debug|Any CPU
		{63361336-410A-4D9B-8994-ACA70E19A534}.Debug|x64.Build.0 = Debug|Any CPU
		{63361336-410A-4D9B-8994-ACA70E19A534}.Debug|x86.ActiveCfg = Debug|Any CPU
		{63361336-410A-4D9B-8994-ACA70E19A534}.Debug|x86.Build.0 = Debug|Any CPU
		{63361336-410A-4D9B-8994-ACA70E19A534}.Release|Any CPU.ActiveCfg = Release|Any CPU
		{63361336-410A-4D9B-8994-ACA70E19A534}.Release|Any CPU.Build.0 = Release|Any CPU
		{63361336-410A-4D9B-8994-ACA70E19A534}.Release|x64.ActiveCfg = Release|Any CPU
		{63361336-410A-4D9B-8994-ACA70E19A534}.Release|x64.Build.0 = Release|Any CPU
		{63361336-410A-4D9B-8994-ACA70E19A534}.Release|x86.ActiveCfg = Release|Any CPU
		{63361336-410A-4D9B-8994-ACA70E19A534}.Release|x86.Build.0 = Release|Any CPU
		{305657BA-3E55-444A-B9DB-A32E98A3B9C2}.Debug|Any CPU.ActiveCfg = Debug|Any CPU
		{305657BA-3E55-444A-B9DB-A32E98A3B9C2}.Debug|Any CPU.Build.0 = Debug|Any CPU
		{305657BA-3E55-444A-B9DB-A32E98A3B9C2}.Debug|x64.ActiveCfg = Debug|Any CPU
		{305657BA-3E55-444A-B9DB-A32E98A3B9C2}.Debug|x64.Build.0 = Debug|Any CPU
		{305657BA-3E55-444A-B9DB-A32E98A3B9C2}.Debug|x86.ActiveCfg = Debug|Any CPU
		{305657BA-3E55-444A-B9DB-A32E98A3B9C2}.Debug|x86.Build.0 = Debug|Any CPU
		{305657BA-3E55-444A-B9DB-A32E98A3B9C2}.Release|Any CPU.ActiveCfg = Release|Any CPU
		{305657BA-3E55-444A-B9DB-A32E98A3B9C2}.Release|Any CPU.Build.0 = Release|Any CPU
		{305657BA-3E55-444A-B9DB-A32E98A3B9C2}.Release|x64.ActiveCfg = Release|Any CPU
		{305657BA-3E55-444A-B9DB-A32E98A3B9C2}.Release|x64.Build.0 = Release|Any CPU
		{305657BA-3E55-444A-B9DB-A32E98A3B9C2}.Release|x86.ActiveCfg = Release|Any CPU
		{305657BA-3E55-444A-B9DB-A32E98A3B9C2}.Release|x86.Build.0 = Release|Any CPU
		{5B44354E-5A89-4297-8536-E2CF33A34A9E}.Debug|Any CPU.ActiveCfg = Debug|Any CPU
		{5B44354E-5A89-4297-8536-E2CF33A34A9E}.Debug|Any CPU.Build.0 = Debug|Any CPU
		{5B44354E-5A89-4297-8536-E2CF33A34A9E}.Debug|x64.ActiveCfg = Debug|Any CPU
		{5B44354E-5A89-4297-8536-E2CF33A34A9E}.Debug|x64.Build.0 = Debug|Any CPU
		{5B44354E-5A89-4297-8536-E2CF33A34A9E}.Debug|x86.ActiveCfg = Debug|Any CPU
		{5B44354E-5A89-4297-8536-E2CF33A34A9E}.Debug|x86.Build.0 = Debug|Any CPU
		{5B44354E-5A89-4297-8536-E2CF33A34A9E}.Release|Any CPU.ActiveCfg = Release|Any CPU
		{5B44354E-5A89-4297-8536-E2CF33A34A9E}.Release|Any CPU.Build.0 = Release|Any CPU
		{5B44354E-5A89-4297-8536-E2CF33A34A9E}.Release|x64.ActiveCfg = Release|Any CPU
		{5B44354E-5A89-4297-8536-E2CF33A34A9E}.Release|x64.Build.0 = Release|Any CPU
		{5B44354E-5A89-4297-8536-E2CF33A34A9E}.Release|x86.ActiveCfg = Release|Any CPU
		{5B44354E-5A89-4297-8536-E2CF33A34A9E}.Release|x86.Build.0 = Release|Any CPU
		{DBA48052-DEE4-448A-8901-F6ADB9994CFD}.Debug|Any CPU.ActiveCfg = Debug|Any CPU
		{DBA48052-DEE4-448A-8901-F6ADB9994CFD}.Debug|Any CPU.Build.0 = Debug|Any CPU
		{DBA48052-DEE4-448A-8901-F6ADB9994CFD}.Debug|x64.ActiveCfg = Debug|Any CPU
		{DBA48052-DEE4-448A-8901-F6ADB9994CFD}.Debug|x64.Build.0 = Debug|Any CPU
		{DBA48052-DEE4-448A-8901-F6ADB9994CFD}.Debug|x86.ActiveCfg = Debug|Any CPU
		{DBA48052-DEE4-448A-8901-F6ADB9994CFD}.Debug|x86.Build.0 = Debug|Any CPU
		{DBA48052-DEE4-448A-8901-F6ADB9994CFD}.Release|Any CPU.ActiveCfg = Release|Any CPU
		{DBA48052-DEE4-448A-8901-F6ADB9994CFD}.Release|Any CPU.Build.0 = Release|Any CPU
		{DBA48052-DEE4-448A-8901-F6ADB9994CFD}.Release|x64.ActiveCfg = Release|Any CPU
		{DBA48052-DEE4-448A-8901-F6ADB9994CFD}.Release|x64.Build.0 = Release|Any CPU
		{DBA48052-DEE4-448A-8901-F6ADB9994CFD}.Release|x86.ActiveCfg = Release|Any CPU
		{DBA48052-DEE4-448A-8901-F6ADB9994CFD}.Release|x86.Build.0 = Release|Any CPU
		{3A26EC8B-873C-4B73-A894-B28E462DCF67}.Debug|Any CPU.ActiveCfg = Debug|Any CPU
		{3A26EC8B-873C-4B73-A894-B28E462DCF67}.Debug|Any CPU.Build.0 = Debug|Any CPU
		{3A26EC8B-873C-4B73-A894-B28E462DCF67}.Debug|x64.ActiveCfg = Debug|Any CPU
		{3A26EC8B-873C-4B73-A894-B28E462DCF67}.Debug|x64.Build.0 = Debug|Any CPU
		{3A26EC8B-873C-4B73-A894-B28E462DCF67}.Debug|x86.ActiveCfg = Debug|Any CPU
		{3A26EC8B-873C-4B73-A894-B28E462DCF67}.Debug|x86.Build.0 = Debug|Any CPU
		{3A26EC8B-873C-4B73-A894-B28E462DCF67}.Release|Any CPU.ActiveCfg = Release|Any CPU
		{3A26EC8B-873C-4B73-A894-B28E462DCF67}.Release|Any CPU.Build.0 = Release|Any CPU
		{3A26EC8B-873C-4B73-A894-B28E462DCF67}.Release|x64.ActiveCfg = Release|Any CPU
		{3A26EC8B-873C-4B73-A894-B28E462DCF67}.Release|x64.Build.0 = Release|Any CPU
		{3A26EC8B-873C-4B73-A894-B28E462DCF67}.Release|x86.ActiveCfg = Release|Any CPU
		{3A26EC8B-873C-4B73-A894-B28E462DCF67}.Release|x86.Build.0 = Release|Any CPU
		{6EA74CA9-C578-4282-903B-7546661F38F8}.Debug|Any CPU.ActiveCfg = Debug|Any CPU
		{6EA74CA9-C578-4282-903B-7546661F38F8}.Debug|Any CPU.Build.0 = Debug|Any CPU
		{6EA74CA9-C578-4282-903B-7546661F38F8}.Debug|x64.ActiveCfg = Debug|Any CPU
		{6EA74CA9-C578-4282-903B-7546661F38F8}.Debug|x64.Build.0 = Debug|Any CPU
		{6EA74CA9-C578-4282-903B-7546661F38F8}.Debug|x86.ActiveCfg = Debug|Any CPU
		{6EA74CA9-C578-4282-903B-7546661F38F8}.Debug|x86.Build.0 = Debug|Any CPU
		{6EA74CA9-C578-4282-903B-7546661F38F8}.Release|Any CPU.ActiveCfg = Release|Any CPU
		{6EA74CA9-C578-4282-903B-7546661F38F8}.Release|Any CPU.Build.0 = Release|Any CPU
		{6EA74CA9-C578-4282-903B-7546661F38F8}.Release|x64.ActiveCfg = Release|Any CPU
		{6EA74CA9-C578-4282-903B-7546661F38F8}.Release|x64.Build.0 = Release|Any CPU
		{6EA74CA9-C578-4282-903B-7546661F38F8}.Release|x86.ActiveCfg = Release|Any CPU
		{6EA74CA9-C578-4282-903B-7546661F38F8}.Release|x86.Build.0 = Release|Any CPU
		{BA325FA3-BF7E-4E30-808C-16FD0258A886}.Debug|Any CPU.ActiveCfg = Debug|Any CPU
		{BA325FA3-BF7E-4E30-808C-16FD0258A886}.Debug|Any CPU.Build.0 = Debug|Any CPU
		{BA325FA3-BF7E-4E30-808C-16FD0258A886}.Debug|x64.ActiveCfg = Debug|Any CPU
		{BA325FA3-BF7E-4E30-808C-16FD0258A886}.Debug|x64.Build.0 = Debug|Any CPU
		{BA325FA3-BF7E-4E30-808C-16FD0258A886}.Debug|x86.ActiveCfg = Debug|Any CPU
		{BA325FA3-BF7E-4E30-808C-16FD0258A886}.Debug|x86.Build.0 = Debug|Any CPU
		{BA325FA3-BF7E-4E30-808C-16FD0258A886}.Release|Any CPU.ActiveCfg = Release|Any CPU
		{BA325FA3-BF7E-4E30-808C-16FD0258A886}.Release|Any CPU.Build.0 = Release|Any CPU
		{BA325FA3-BF7E-4E30-808C-16FD0258A886}.Release|x64.ActiveCfg = Release|Any CPU
		{BA325FA3-BF7E-4E30-808C-16FD0258A886}.Release|x64.Build.0 = Release|Any CPU
		{BA325FA3-BF7E-4E30-808C-16FD0258A886}.Release|x86.ActiveCfg = Release|Any CPU
		{BA325FA3-BF7E-4E30-808C-16FD0258A886}.Release|x86.Build.0 = Release|Any CPU
		{DA1B76C2-9599-46D1-AFDD-84C631905277}.Debug|Any CPU.ActiveCfg = Debug|Any CPU
		{DA1B76C2-9599-46D1-AFDD-84C631905277}.Debug|Any CPU.Build.0 = Debug|Any CPU
		{DA1B76C2-9599-46D1-AFDD-84C631905277}.Debug|x64.ActiveCfg = Debug|Any CPU
		{DA1B76C2-9599-46D1-AFDD-84C631905277}.Debug|x64.Build.0 = Debug|Any CPU
		{DA1B76C2-9599-46D1-AFDD-84C631905277}.Debug|x86.ActiveCfg = Debug|Any CPU
		{DA1B76C2-9599-46D1-AFDD-84C631905277}.Debug|x86.Build.0 = Debug|Any CPU
		{DA1B76C2-9599-46D1-AFDD-84C631905277}.Release|Any CPU.ActiveCfg = Release|Any CPU
		{DA1B76C2-9599-46D1-AFDD-84C631905277}.Release|Any CPU.Build.0 = Release|Any CPU
		{DA1B76C2-9599-46D1-AFDD-84C631905277}.Release|x64.ActiveCfg = Release|Any CPU
		{DA1B76C2-9599-46D1-AFDD-84C631905277}.Release|x64.Build.0 = Release|Any CPU
		{DA1B76C2-9599-46D1-AFDD-84C631905277}.Release|x86.ActiveCfg = Release|Any CPU
		{DA1B76C2-9599-46D1-AFDD-84C631905277}.Release|x86.Build.0 = Release|Any CPU
		{88D743FB-A417-47C6-8028-C180F512A8EC}.Debug|Any CPU.ActiveCfg = Debug|Any CPU
		{88D743FB-A417-47C6-8028-C180F512A8EC}.Debug|Any CPU.Build.0 = Debug|Any CPU
		{88D743FB-A417-47C6-8028-C180F512A8EC}.Debug|x64.ActiveCfg = Debug|Any CPU
		{88D743FB-A417-47C6-8028-C180F512A8EC}.Debug|x64.Build.0 = Debug|Any CPU
		{88D743FB-A417-47C6-8028-C180F512A8EC}.Debug|x86.ActiveCfg = Debug|Any CPU
		{88D743FB-A417-47C6-8028-C180F512A8EC}.Debug|x86.Build.0 = Debug|Any CPU
		{88D743FB-A417-47C6-8028-C180F512A8EC}.Release|Any CPU.ActiveCfg = Release|Any CPU
		{88D743FB-A417-47C6-8028-C180F512A8EC}.Release|Any CPU.Build.0 = Release|Any CPU
		{88D743FB-A417-47C6-8028-C180F512A8EC}.Release|x64.ActiveCfg = Release|Any CPU
		{88D743FB-A417-47C6-8028-C180F512A8EC}.Release|x64.Build.0 = Release|Any CPU
		{88D743FB-A417-47C6-8028-C180F512A8EC}.Release|x86.ActiveCfg = Release|Any CPU
		{88D743FB-A417-47C6-8028-C180F512A8EC}.Release|x86.Build.0 = Release|Any CPU
		{EA9A445A-EC4B-4450-9897-71AFC0F9426E}.Debug|Any CPU.ActiveCfg = Debug|Any CPU
		{EA9A445A-EC4B-4450-9897-71AFC0F9426E}.Debug|Any CPU.Build.0 = Debug|Any CPU
		{EA9A445A-EC4B-4450-9897-71AFC0F9426E}.Debug|x64.ActiveCfg = Debug|Any CPU
		{EA9A445A-EC4B-4450-9897-71AFC0F9426E}.Debug|x64.Build.0 = Debug|Any CPU
		{EA9A445A-EC4B-4450-9897-71AFC0F9426E}.Debug|x86.ActiveCfg = Debug|Any CPU
		{EA9A445A-EC4B-4450-9897-71AFC0F9426E}.Debug|x86.Build.0 = Debug|Any CPU
		{EA9A445A-EC4B-4450-9897-71AFC0F9426E}.Release|Any CPU.ActiveCfg = Release|Any CPU
		{EA9A445A-EC4B-4450-9897-71AFC0F9426E}.Release|Any CPU.Build.0 = Release|Any CPU
		{EA9A445A-EC4B-4450-9897-71AFC0F9426E}.Release|x64.ActiveCfg = Release|Any CPU
		{EA9A445A-EC4B-4450-9897-71AFC0F9426E}.Release|x64.Build.0 = Release|Any CPU
		{EA9A445A-EC4B-4450-9897-71AFC0F9426E}.Release|x86.ActiveCfg = Release|Any CPU
		{EA9A445A-EC4B-4450-9897-71AFC0F9426E}.Release|x86.Build.0 = Release|Any CPU
		{1EF91E17-7994-47D0-AC2A-D7CC701D3099}.Debug|Any CPU.ActiveCfg = Debug|Any CPU
		{1EF91E17-7994-47D0-AC2A-D7CC701D3099}.Debug|Any CPU.Build.0 = Debug|Any CPU
		{1EF91E17-7994-47D0-AC2A-D7CC701D3099}.Debug|x64.ActiveCfg = Debug|Any CPU
		{1EF91E17-7994-47D0-AC2A-D7CC701D3099}.Debug|x64.Build.0 = Debug|Any CPU
		{1EF91E17-7994-47D0-AC2A-D7CC701D3099}.Debug|x86.ActiveCfg = Debug|Any CPU
		{1EF91E17-7994-47D0-AC2A-D7CC701D3099}.Debug|x86.Build.0 = Debug|Any CPU
		{1EF91E17-7994-47D0-AC2A-D7CC701D3099}.Release|Any CPU.ActiveCfg = Release|Any CPU
		{1EF91E17-7994-47D0-AC2A-D7CC701D3099}.Release|Any CPU.Build.0 = Release|Any CPU
		{1EF91E17-7994-47D0-AC2A-D7CC701D3099}.Release|x64.ActiveCfg = Release|Any CPU
		{1EF91E17-7994-47D0-AC2A-D7CC701D3099}.Release|x64.Build.0 = Release|Any CPU
		{1EF91E17-7994-47D0-AC2A-D7CC701D3099}.Release|x86.ActiveCfg = Release|Any CPU
		{1EF91E17-7994-47D0-AC2A-D7CC701D3099}.Release|x86.Build.0 = Release|Any CPU
		{CA954479-4407-4962-8292-970DC974F2BC}.Debug|Any CPU.ActiveCfg = Debug|Any CPU
		{CA954479-4407-4962-8292-970DC974F2BC}.Debug|Any CPU.Build.0 = Debug|Any CPU
		{CA954479-4407-4962-8292-970DC974F2BC}.Debug|x64.ActiveCfg = Debug|Any CPU
		{CA954479-4407-4962-8292-970DC974F2BC}.Debug|x64.Build.0 = Debug|Any CPU
		{CA954479-4407-4962-8292-970DC974F2BC}.Debug|x86.ActiveCfg = Debug|Any CPU
		{CA954479-4407-4962-8292-970DC974F2BC}.Debug|x86.Build.0 = Debug|Any CPU
		{CA954479-4407-4962-8292-970DC974F2BC}.Release|Any CPU.ActiveCfg = Release|Any CPU
		{CA954479-4407-4962-8292-970DC974F2BC}.Release|Any CPU.Build.0 = Release|Any CPU
		{CA954479-4407-4962-8292-970DC974F2BC}.Release|x64.ActiveCfg = Release|Any CPU
		{CA954479-4407-4962-8292-970DC974F2BC}.Release|x64.Build.0 = Release|Any CPU
		{CA954479-4407-4962-8292-970DC974F2BC}.Release|x86.ActiveCfg = Release|Any CPU
		{CA954479-4407-4962-8292-970DC974F2BC}.Release|x86.Build.0 = Release|Any CPU
		{945C6679-3354-4D27-8667-F8534B8905DC}.Debug|Any CPU.ActiveCfg = Debug|Any CPU
		{945C6679-3354-4D27-8667-F8534B8905DC}.Debug|Any CPU.Build.0 = Debug|Any CPU
		{945C6679-3354-4D27-8667-F8534B8905DC}.Debug|x64.ActiveCfg = Debug|Any CPU
		{945C6679-3354-4D27-8667-F8534B8905DC}.Debug|x64.Build.0 = Debug|Any CPU
		{945C6679-3354-4D27-8667-F8534B8905DC}.Debug|x86.ActiveCfg = Debug|Any CPU
		{945C6679-3354-4D27-8667-F8534B8905DC}.Debug|x86.Build.0 = Debug|Any CPU
		{945C6679-3354-4D27-8667-F8534B8905DC}.Release|Any CPU.ActiveCfg = Release|Any CPU
		{945C6679-3354-4D27-8667-F8534B8905DC}.Release|Any CPU.Build.0 = Release|Any CPU
		{945C6679-3354-4D27-8667-F8534B8905DC}.Release|x64.ActiveCfg = Release|Any CPU
		{945C6679-3354-4D27-8667-F8534B8905DC}.Release|x64.Build.0 = Release|Any CPU
		{945C6679-3354-4D27-8667-F8534B8905DC}.Release|x86.ActiveCfg = Release|Any CPU
		{945C6679-3354-4D27-8667-F8534B8905DC}.Release|x86.Build.0 = Release|Any CPU
	EndGlobalSection
	GlobalSection(SolutionProperties) = preSolution
		HideSolutionNode = FALSE
	EndGlobalSection
	GlobalSection(ExtensibilityGlobals) = postSolution
		SolutionGuid = {5FF9FE38-CEDF-42AD-A97D-8325014E2EB5}
	EndGlobalSection
EndGlobal
